
Microsoft Visual Studio Solution File, Format Version 12.00
# Visual Studio Version 16
VisualStudioVersion = 16.0.31702.278
MinimumVisualStudioVersion = 10.0.40219.1
Project("{FAE04EC0-301F-11D3-BF4B-00C04F79EFBC}") = "ChaoticOrganizer", "ChaoticOrganizer\ChaoticOrganizer.csproj", "{32473376-7A7C-4097-8809-48FADDA9DC03}"
EndProject
Global
	GlobalSection(SolutionConfigurationPlatforms) = preSolution
		Debug|Any CPU = Debug|Any CPU
		Release|Any CPU = Release|Any CPU
	EndGlobalSection
	GlobalSection(ProjectConfigurationPlatforms) = postSolution
		{32473376-7A7C-4097-8809-48FADDA9DC03}.Debug|Any CPU.ActiveCfg = Debug|Any CPU
		{32473376-7A7C-4097-8809-48FADDA9DC03}.Debug|Any CPU.Build.0 = Debug|Any CPU
		{32473376-7A7C-4097-8809-48FADDA9DC03}.Release|Any CPU.ActiveCfg = Release|Any CPU
		{32473376-7A7C-4097-8809-48FADDA9DC03}.Release|Any CPU.Build.0 = Release|Any CPU
	EndGlobalSection
	GlobalSection(SolutionProperties) = preSolution
		HideSolutionNode = FALSE
	EndGlobalSection
	GlobalSection(ExtensibilityGlobals) = postSolution
		SolutionGuid = {3509F235-80D7-43F0-B22C-EBE244837E50}
	EndGlobalSection
EndGlobal
